
Microsoft Visual Studio Solution File, Format Version 12.00
# Visual Studio Version 17
VisualStudioVersion = 17.14.36915.13 d17.14
MinimumVisualStudioVersion = 10.0.40219.1
Project("{F184B08F-C81C-45F6-A57F-5ABD9991F28F}") = "WindowsApp4", "WindowsApp4\WindowsApp4.vbproj", "{9A7631ED-375B-4CCE-A83B-EFE5BC173614}"
EndProject
Global
	GlobalSection(SolutionConfigurationPlatforms) = preSolution
		Debug|Any CPU = Debug|Any CPU
		Release|Any CPU = Release|Any CPU
	EndGlobalSection
	GlobalSection(ProjectConfigurationPlatforms) = postSolution
		{9A7631ED-375B-4CCE-A83B-EFE5BC173614}.Debug|Any CPU.ActiveCfg = Debug|Any CPU
		{9A7631ED-375B-4CCE-A83B-EFE5BC173614}.Debug|Any CPU.Build.0 = Debug|Any CPU
		{9A7631ED-375B-4CCE-A83B-EFE5BC173614}.Release|Any CPU.ActiveCfg = Release|Any CPU
		{9A7631ED-375B-4CCE-A83B-EFE5BC173614}.Release|Any CPU.Build.0 = Release|Any CPU
	EndGlobalSection
	GlobalSection(SolutionProperties) = preSolution
		HideSolutionNode = FALSE
	EndGlobalSection
	GlobalSection(ExtensibilityGlobals) = postSolution
		SolutionGuid = {AC8AE655-10C2-4310-A510-468350ADB2C0}
	EndGlobalSection
EndGlobal
